
Microsoft Visual Studio Solution File, Format Version 12.00
# Visual Studio Version 17
VisualStudioVersion = 17.14.36408.4 d17.14
MinimumVisualStudioVersion = 10.0.40219.1
Project("{FAE04EC0-301F-11D3-BF4B-00C04F79EFBC}") = "doctors", "doctors.csproj", "{92C8A8BD-94B1-4915-B57F-4026ACFFA5BC}"
EndProject
Global
	GlobalSection(SolutionConfigurationPlatforms) = preSolution
		Debug|Any CPU = Debug|Any CPU
		Release|Any CPU = Release|Any CPU
	EndGlobalSection
	GlobalSection(ProjectConfigurationPlatforms) = postSolution
		{92C8A8BD-94B1-4915-B57F-4026ACFFA5BC}.Debug|Any CPU.ActiveCfg = Debug|Any CPU
		{92C8A8BD-94B1-4915-B57F-4026ACFFA5BC}.Debug|Any CPU.Build.0 = Debug|Any CPU
		{92C8A8BD-94B1-4915-B57F-4026ACFFA5BC}.Release|Any CPU.ActiveCfg = Release|Any CPU
		{92C8A8BD-94B1-4915-B57F-4026ACFFA5BC}.Release|Any CPU.Build.0 = Release|Any CPU
	EndGlobalSection
	GlobalSection(SolutionProperties) = preSolution
		HideSolutionNode = FALSE
	EndGlobalSection
	GlobalSection(ExtensibilityGlobals) = postSolution
		SolutionGuid = {EFD8BC81-A5FC-4377-8CF0-6B2678F88BE7}
	EndGlobalSection
EndGlobal
